
Microsoft Visual Studio Solution File, Format Version 12.00
# Visual Studio 2017
Project("{FAE04EC0-301F-11D3-BF4B-00C04F79EFBC}") = "Colors-jskyzero", "Colors-jskyzero.csproj", "{9DA42E5B-48D3-2D85-9F98-92698218FD67}"
EndProject
Project("{FAE04EC0-301F-11D3-BF4B-00C04F79EFBC}") = "Colors-jskyzero.Editor", "Colors-jskyzero.Editor.csproj", "{56EF67DE-B1A4-D55E-B8F7-6CCA9DA1517D}"
EndProject
Global
	GlobalSection(SolutionConfigurationPlatforms) = preSolution
		Debug|Any CPU = Debug|Any CPU
		Release|Any CPU = Release|Any CPU
	EndGlobalSection
	GlobalSection(ProjectConfigurationPlatforms) = postSolution
		{9DA42E5B-48D3-2D85-9F98-92698218FD67}.Debug|Any CPU.ActiveCfg = Debug|Any CPU
		{9DA42E5B-48D3-2D85-9F98-92698218FD67}.Debug|Any CPU.Build.0 = Debug|Any CPU
		{9DA42E5B-48D3-2D85-9F98-92698218FD67}.Release|Any CPU.ActiveCfg = Release|Any CPU
		{9DA42E5B-48D3-2D85-9F98-92698218FD67}.Release|Any CPU.Build.0 = Release|Any CPU
		{56EF67DE-B1A4-D55E-B8F7-6CCA9DA1517D}.Debug|Any CPU.ActiveCfg = Debug|Any CPU
		{56EF67DE-B1A4-D55E-B8F7-6CCA9DA1517D}.Debug|Any CPU.Build.0 = Debug|Any CPU
		{56EF67DE-B1A4-D55E-B8F7-6CCA9DA1517D}.Release|Any CPU.ActiveCfg = Release|Any CPU
		{56EF67DE-B1A4-D55E-B8F7-6CCA9DA1517D}.Release|Any CPU.Build.0 = Release|Any CPU
	EndGlobalSection
	GlobalSection(SolutionProperties) = preSolution
		HideSolutionNode = FALSE
	EndGlobalSection
EndGlobal
